// !$*UTF8*$!
{
	archiveVersion = 1;
	classes = {
	};
	objectVersion = 46;
	objects = {

/* Begin PBXBuildFile section */
		068CB16015863026006DA260 /* UIKit.framework in Frameworks */ = {isa = PBXBuildFile; fileRef = 068CB15F15863026006DA260 /* UIKit.framework */; };
		068CB16215863026006DA260 /* Foundation.framework in Frameworks */ = {isa = PBXBuildFile; fileRef = 068CB16115863026006DA260 /* Foundation.framework */; };
		068CB16415863026006DA260 /* CoreGraphics.framework in Frameworks */ = {isa = PBXBuildFile; fileRef = 068CB16315863026006DA260 /* CoreGraphics.framework */; };
		068CB16A15863026006DA260 /* InfoPlist.strings in Resources */ = {isa = PBXBuildFile; fileRef = 068CB16815863026006DA260 /* InfoPlist.strings */; };
		068CB16C15863026006DA260 /* main.m in Sources */ = {isa = PBXBuildFile; fileRef = 068CB16B15863026006DA260 /* main.m */; };
		068CB17015863027006DA260 /* AppDelegate.m in Sources */ = {isa = PBXBuildFile; fileRef = 068CB16F15863027006DA260 /* AppDelegate.m */; };
		068CB17315863027006DA260 /* MainStoryboard.storyboard in Resources */ = {isa = PBXBuildFile; fileRef = 068CB17115863027006DA260 /* MainStoryboard.storyboard */; };
		068CB17615863027006DA260 /* MasterViewController.m in Sources */ = {isa = PBXBuildFile; fileRef = 068CB17515863027006DA260 /* MasterViewController.m */; };
		068CB18115863027006DA260 /* SenTestingKit.framework in Frameworks */ = {isa = PBXBuildFile; fileRef = 068CB18015863027006DA260 /* SenTestingKit.framework */; };
		068CB18215863027006DA260 /* UIKit.framework in Frameworks */ = {isa = PBXBuildFile; fileRef = 068CB15F15863026006DA260 /* UIKit.framework */; };
		068CB18315863027006DA260 /* Foundation.framework in Frameworks */ = {isa = PBXBuildFile; fileRef = 068CB16115863026006DA260 /* Foundation.framework */; };
		068CB18B15863027006DA260 /* InfoPlist.strings in Resources */ = {isa = PBXBuildFile; fileRef = 068CB18915863027006DA260 /* InfoPlist.strings */; };
		068CB18E15863027006DA260 /* UIPasteboardSniffer_iOSTests.m in Sources */ = {isa = PBXBuildFile; fileRef = 068CB18D15863027006DA260 /* UIPasteboardSniffer_iOSTests.m */; };
/* End PBXBuildFile section */

/* Begin PBXContainerItemProxy section */
		068CB18415863027006DA260 /* PBXContainerItemProxy */ = {
			isa = PBXContainerItemProxy;
			containerPortal = 068CB15215863024006DA260 /* Project object */;
			proxyType = 1;
			remoteGlobalIDString = 068CB15A15863026006DA260;
			remoteInfo = "UIPasteboardSniffer-iOS";
		};
/* End PBXContainerItemProxy section */

/* Begin PBXFileReference section */
		068CB15B15863026006DA260 /* UIPasteboardSniffer-iOS.app */ = {isa = PBXFileReference; explicitFileType = wrapper.application; includeInIndex = 0; path = "UIPasteboardSniffer-iOS.app"; sourceTree = BUILT_PRODUCTS_DIR; };
		068CB15F15863026006DA260 /* UIKit.framework */ = {isa = PBXFileReference; lastKnownFileType = wrapper.framework; name = UIKit.framework; path = System/Library/Frameworks/UIKit.framework; sourceTree = SDKROOT; };
		068CB16115863026006DA260 /* Foundation.framework */ = {isa = PBXFileReference; lastKnownFileType = wrapper.framework; name = Foundation.framework; path = System/Library/Frameworks/Foundation.framework; sourceTree = SDKROOT; };
		068CB16315863026006DA260 /* CoreGraphics.framework */ = {isa = PBXFileReference; lastKnownFileType = wrapper.framework; name = CoreGraphics.framework; path = System/Library/Frameworks/CoreGraphics.framework; sourceTree = SDKROOT; };
		068CB16715863026006DA260 /* UIPasteboardSniffer-iOS-Info.plist */ = {isa = PBXFileReference; lastKnownFileType = text.plist.xml; path = "UIPasteboardSniffer-iOS-Info.plist"; sourceTree = "<group>"; };
		068CB16915863026006DA260 /* en */ = {isa = PBXFileReference; lastKnownFileType = text.plist.strings; name = en; path = en.lproj/InfoPlist.strings; sourceTree = "<group>"; };
		068CB16B15863026006DA260 /* main.m */ = {isa = PBXFileReference; lastKnownFileType = sourcecode.c.objc; path = main.m; sourceTree = "<group>"; };
		068CB16D15863026006DA260 /* UIPasteboardSniffer-iOS-Prefix.pch */ = {isa = PBXFileReference; lastKnownFileType = sourcecode.c.h; path = "UIPasteboardSniffer-iOS-Prefix.pch"; sourceTree = "<group>"; };
		068CB16E15863026006DA260 /* AppDelegate.h */ = {isa = PBXFileReference; lastKnownFileType = sourcecode.c.h; path = AppDelegate.h; sourceTree = "<group>"; };
		068CB16F15863027006DA260 /* AppDelegate.m */ = {isa = PBXFileReference; lastKnownFileType = sourcecode.c.objc; path = AppDelegate.m; sourceTree = "<group>"; };
		068CB17215863027006DA260 /* en */ = {isa = PBXFileReference; lastKnownFileType = file.storyboard; name = en; path = en.lproj/MainStoryboard.storyboard; sourceTree = "<group>"; };
		068CB17415863027006DA260 /* MasterViewController.h */ = {isa = PBXFileReference; lastKnownFileType = sourcecode.c.h; path = MasterViewController.h; sourceTree = "<group>"; };
		068CB17515863027006DA260 /* MasterViewController.m */ = {isa = PBXFileReference; lastKnownFileType = sourcecode.c.objc; path = MasterViewController.m; sourceTree = "<group>"; };
		068CB17F15863027006DA260 /* UIPasteboardSniffer-iOSTests.octest */ = {isa = PBXFileReference; explicitFileType = wrapper.cfbundle; includeInIndex = 0; path = "UIPasteboardSniffer-iOSTests.octest"; sourceTree = BUILT_PRODUCTS_DIR; };
		068CB18015863027006DA260 /* SenTestingKit.framework */ = {isa = PBXFileReference; lastKnownFileType = wrapper.framework; name = SenTestingKit.framework; path = Library/Frameworks/SenTestingKit.framework; sourceTree = DEVELOPER_DIR; };
		068CB18815863027006DA260 /* UIPasteboardSniffer-iOSTests-Info.plist */ = {isa = PBXFileReference; lastKnownFileType = text.plist.xml; path = "UIPasteboardSniffer-iOSTests-Info.plist"; sourceTree = "<group>"; };
		068CB18A15863027006DA260 /* en */ = {isa = PBXFileReference; lastKnownFileType = text.plist.strings; name = en; path = en.lproj/InfoPlist.strings; sourceTree = "<group>"; };
		068CB18C15863027006DA260 /* UIPasteboardSniffer_iOSTests.h */ = {isa = PBXFileReference; lastKnownFileType = sourcecode.c.h; path = UIPasteboardSniffer_iOSTests.h; sourceTree = "<group>"; };
		068CB18D15863027006DA260 /* UIPasteboardSniffer_iOSTests.m */ = {isa = PBXFileReference; lastKnownFileType = sourcecode.c.objc; path = UIPasteboardSniffer_iOSTests.m; sourceTree = "<group>"; };
/* End PBXFileReference section */

/* Begin PBXFrameworksBuildPhase section */
		068CB15815863026006DA260 /* Frameworks */ = {
			isa = PBXFrameworksBuildPhase;
			buildActionMask = 2147483647;
			files = (
				068CB16015863026006DA260 /* UIKit.framework in Frameworks */,
				068CB16215863026006DA260 /* Foundation.framework in Frameworks */,
				068CB16415863026006DA260 /* CoreGraphics.framework in Frameworks */,
			);
			runOnlyForDeploymentPostprocessing = 0;
		};
		068CB17B15863027006DA260 /* Frameworks */ = {
			isa = PBXFrameworksBuildPhase;
			buildActionMask = 2147483647;
			files = (
				068CB18115863027006DA260 /* SenTestingKit.framework in Frameworks */,
				068CB18215863027006DA260 /* UIKit.framework in Frameworks */,
				068CB18315863027006DA260 /* Foundation.framework in Frameworks */,
			);
			runOnlyForDeploymentPostprocessing = 0;
		};
/* End PBXFrameworksBuildPhase section */

/* Begin PBXGroup section */
		068CB15015863024006DA260 = {
			isa = PBXGroup;
			children = (
				068CB16515863026006DA260 /* UIPasteboardSniffer-iOS */,
				068CB18615863027006DA260 /* UIPasteboardSniffer-iOSTests */,
				068CB15E15863026006DA260 /* Frameworks */,
				068CB15C15863026006DA260 /* Products */,
			);
			sourceTree = "<group>";
		};
		068CB15C15863026006DA260 /* Products */ = {
			isa = PBXGroup;
			children = (
				068CB15B15863026006DA260 /* UIPasteboardSniffer-iOS.app */,
				068CB17F15863027006DA260 /* UIPasteboardSniffer-iOSTests.octest */,
			);
			name = Products;
			sourceTree = "<group>";
		};
		068CB15E15863026006DA260 /* Frameworks */ = {
			isa = PBXGroup;
			children = (
				068CB15F15863026006DA260 /* UIKit.framework */,
				068CB16115863026006DA260 /* Foundation.framework */,
				068CB16315863026006DA260 /* CoreGraphics.framework */,
				068CB18015863027006DA260 /* SenTestingKit.framework */,
			);
			name = Frameworks;
			sourceTree = "<group>";
		};
		068CB16515863026006DA260 /* UIPasteboardSniffer-iOS */ = {
			isa = PBXGroup;
			children = (
				068CB16E15863026006DA260 /* AppDelegate.h */,
				068CB16F15863027006DA260 /* AppDelegate.m */,
				068CB17115863027006DA260 /* MainStoryboard.storyboard */,
				068CB17415863027006DA260 /* MasterViewController.h */,
				068CB17515863027006DA260 /* MasterViewController.m */,
				068CB16615863026006DA260 /* Supporting Files */,
			);
			path = "UIPasteboardSniffer-iOS";
			sourceTree = "<group>";
		};
		068CB16615863026006DA260 /* Supporting Files */ = {
			isa = PBXGroup;
			children = (
				068CB16715863026006DA260 /* UIPasteboardSniffer-iOS-Info.plist */,
				068CB16815863026006DA260 /* InfoPlist.strings */,
				068CB16B15863026006DA260 /* main.m */,
				068CB16D15863026006DA260 /* UIPasteboardSniffer-iOS-Prefix.pch */,
			);
			name = "Supporting Files";
			sourceTree = "<group>";
		};
		068CB18615863027006DA260 /* UIPasteboardSniffer-iOSTests */ = {
			isa = PBXGroup;
			children = (
				068CB18C15863027006DA260 /* UIPasteboardSniffer_iOSTests.h */,
				068CB18D15863027006DA260 /* UIPasteboardSniffer_iOSTests.m */,
				068CB18715863027006DA260 /* Supporting Files */,
			);
			path = "UIPasteboardSniffer-iOSTests";
			sourceTree = "<group>";
		};
		068CB18715863027006DA260 /* Supporting Files */ = {
			isa = PBXGroup;
			children = (
				068CB18815863027006DA260 /* UIPasteboardSniffer-iOSTests-Info.plist */,
				068CB18915863027006DA260 /* InfoPlist.strings */,
			);
			name = "Supporting Files";
			sourceTree = "<group>";
		};
/* End PBXGroup section */

/* Begin PBXNativeTarget section */
		068CB15A15863026006DA260 /* UIPasteboardSniffer-iOS */ = {
			isa = PBXNativeTarget;
			buildConfigurationList = 068CB19115863027006DA260 /* Build configuration list for PBXNativeTarget "UIPasteboardSniffer-iOS" */;
			buildPhases = (
				068CB15715863026006DA260 /* Sources */,
				068CB15815863026006DA260 /* Frameworks */,
				068CB15915863026006DA260 /* Resources */,
			);
			buildRules = (
			);
			dependencies = (
			);
			name = "UIPasteboardSniffer-iOS";
			productName = "UIPasteboardSniffer-iOS";
			productReference = 068CB15B15863026006DA260 /* UIPasteboardSniffer-iOS.app */;
			productType = "com.apple.product-type.application";
		};
		068CB17E15863027006DA260 /* UIPasteboardSniffer-iOSTests */ = {
			isa = PBXNativeTarget;
			buildConfigurationList = 068CB19415863027006DA260 /* Build configuration list for PBXNativeTarget "UIPasteboardSniffer-iOSTests" */;
			buildPhases = (
				068CB17A15863027006DA260 /* Sources */,
				068CB17B15863027006DA260 /* Frameworks */,
				068CB17C15863027006DA260 /* Resources */,
				068CB17D15863027006DA260 /* ShellScript */,
			);
			buildRules = (
			);
			dependencies = (
				068CB18515863027006DA260 /* PBXTargetDependency */,
			);
			name = "UIPasteboardSniffer-iOSTests";
			productName = "UIPasteboardSniffer-iOSTests";
			productReference = 068CB17F15863027006DA260 /* UIPasteboardSniffer-iOSTests.octest */;
			productType = "com.apple.product-type.bundle";
		};
/* End PBXNativeTarget section */

/* Begin PBXProject section */
		068CB15215863024006DA260 /* Project object */ = {
			isa = PBXProject;
			attributes = {
				LastUpgradeCheck = 0430;
				ORGANIZATIONNAME = atrac613.io;
			};
			buildConfigurationList = 068CB15515863024006DA260 /* Build configuration list for PBXProject "UIPasteboardSniffer-iOS" */;
			compatibilityVersion = "Xcode 3.2";
			developmentRegion = English;
			hasScannedForEncodings = 0;
			knownRegions = (
				en,
			);
			mainGroup = 068CB15015863024006DA260;
			productRefGroup = 068CB15C15863026006DA260 /* Products */;
			projectDirPath = "";
			projectRoot = "";
			targets = (
				068CB15A15863026006DA260 /* UIPasteboardSniffer-iOS */,
				068CB17E15863027006DA260 /* UIPasteboardSniffer-iOSTests */,
			);
		};
/* End PBXProject section */

/* Begin PBXResourcesBuildPhase section */
		068CB15915863026006DA260 /* Resources */ = {
			isa = PBXResourcesBuildPhase;
			buildActionMask = 2147483647;
			files = (
				068CB16A15863026006DA260 /* InfoPlist.strings in Resources */,
				068CB17315863027006DA260 /* MainStoryboard.storyboard in Resources */,
			);
			runOnlyForDeploymentPostprocessing = 0;
		};
		068CB17C15863027006DA260 /* Resources */ = {
			isa = PBXResourcesBuildPhase;
			buildActionMask = 2147483647;
			files = (
				068CB18B15863027006DA260 /* InfoPlist.strings in Resources */,
			);
			runOnlyForDeploymentPostprocessing = 0;
		};
/* End PBXResourcesBuildPhase section */

/* Begin PBXShellScriptBuildPhase section */
		068CB17D15863027006DA260 /* ShellScript */ = {
			isa = PBXShellScriptBuildPhase;
			buildActionMask = 2147483647;
			files = (
			);
			inputPaths = (
			);
			outputPaths = (
			);
			runOnlyForDeploymentPostprocessing = 0;
			shellPath = /bin/sh;
			shellScript = "# Run the unit tests in this test bundle.\n\"${SYSTEM_DEVELOPER_DIR}/Tools/RunUnitTests\"\n";
		};
/* End PBXShellScriptBuildPhase section */

/* Begin PBXSourcesBuildPhase section */
		068CB15715863026006DA260 /* Sources */ = {
			isa = PBXSourcesBuildPhase;
			buildActionMask = 2147483647;
			files = (
				068CB16C15863026006DA260 /* main.m in Sources */,
				068CB17015863027006DA260 /* AppDelegate.m in Sources */,
				068CB17615863027006DA260 /* MasterViewController.m in Sources */,
			);
			runOnlyForDeploymentPostprocessing = 0;
		};
		068CB17A15863027006DA260 /* Sources */ = {
			isa = PBXSourcesBuildPhase;
			buildActionMask = 2147483647;
			files = (
				068CB18E15863027006DA260 /* UIPasteboardSniffer_iOSTests.m in Sources */,
			);
			runOnlyForDeploymentPostprocessing = 0;
		};
/* End PBXSourcesBuildPhase section */

/* Begin PBXTargetDependency section */
		068CB18515863027006DA260 /* PBXTargetDependency */ = {
			isa = PBXTargetDependency;
			target = 068CB15A15863026006DA260 /* UIPasteboardSniffer-iOS */;
			targetProxy = 068CB18415863027006DA260 /* PBXContainerItemProxy */;
		};
/* End PBXTargetDependency section */

/* Begin PBXVariantGroup section */
		068CB16815863026006DA260 /* InfoPlist.strings */ = {
			isa = PBXVariantGroup;
			children = (
				068CB16915863026006DA260 /* en */,
			);
			name = InfoPlist.strings;
			sourceTree = "<group>";
		};
		068CB17115863027006DA260 /* MainStoryboard.storyboard */ = {
			isa = PBXVariantGroup;
			children = (
				068CB17215863027006DA260 /* en */,
			);
			name = MainStoryboard.storyboard;
			sourceTree = "<group>";
		};
		068CB18915863027006DA260 /* InfoPlist.strings */ = {
			isa = PBXVariantGroup;
			children = (
				068CB18A15863027006DA260 /* en */,
			);
			name = InfoPlist.strings;
			sourceTree = "<group>";
		};
/* End PBXVariantGroup section */

/* Begin XCBuildConfiguration section */
		068CB18F15863027006DA260 /* Debug */ = {
			isa = XCBuildConfiguration;
			buildSettings = {
				ALWAYS_SEARCH_USER_PATHS = NO;
				ARCHS = "$(ARCHS_STANDARD_32_BIT)";
				CLANG_ENABLE_OBJC_ARC = YES;
				"CODE_SIGN_IDENTITY[sdk=iphoneos*]" = "iPhone Developer";
				COPY_PHASE_STRIP = NO;
				GCC_C_LANGUAGE_STANDARD = gnu99;
				GCC_DYNAMIC_NO_PIC = NO;
				GCC_OPTIMIZATION_LEVEL = 0;
				GCC_PREPROCESSOR_DEFINITIONS = (
					"DEBUG=1",
					"$(inherited)",
				);
				GCC_SYMBOLS_PRIVATE_EXTERN = NO;
				GCC_VERSION = com.apple.compilers.llvm.clang.1_0;
				GCC_WARN_ABOUT_RETURN_TYPE = YES;
				GCC_WARN_UNINITIALIZED_AUTOS = YES;
				GCC_WARN_UNUSED_VARIABLE = YES;
				IPHONEOS_DEPLOYMENT_TARGET = 5.1;
				SDKROOT = iphoneos;
			};
			name = Debug;
		};
		068CB19015863027006DA260 /* Release */ = {
			isa = XCBuildConfiguration;
			buildSettings = {
				ALWAYS_SEARCH_USER_PATHS = NO;
				ARCHS = "$(ARCHS_STANDARD_32_BIT)";
				CLANG_ENABLE_OBJC_ARC = YES;
				"CODE_SIGN_IDENTITY[sdk=iphoneos*]" = "iPhone Developer";
				COPY_PHASE_STRIP = YES;
				GCC_C_LANGUAGE_STANDARD = gnu99;
				GCC_VERSION = com.apple.compilers.llvm.clang.1_0;
				GCC_WARN_ABOUT_RETURN_TYPE = YES;
				GCC_WARN_UNINITIALIZED_AUTOS = YES;
				GCC_WARN_UNUSED_VARIABLE = YES;
				IPHONEOS_DEPLOYMENT_TARGET = 5.1;
				OTHER_CFLAGS = "-DNS_BLOCK_ASSERTIONS=1";
				SDKROOT = iphoneos;
				VALIDATE_PRODUCT = YES;
			};
			name = Release;
		};
		068CB19215863027006DA260 /* Debug */ = {
			isa = XCBuildConfiguration;
			buildSettings = {
				GCC_PRECOMPILE_PREFIX_HEADER = YES;
				GCC_PREFIX_HEADER = "UIPasteboardSniffer-iOS/UIPasteboardSniffer-iOS-Prefix.pch";
				INFOPLIST_FILE = "UIPasteboardSniffer-iOS/UIPasteboardSniffer-iOS-Info.plist";
				PRODUCT_NAME = "$(TARGET_NAME)";
				WRAPPER_EXTENSION = app;
			};
			name = Debug;
		};
		068CB19315863027006DA260 /* Release */ = {
			isa = XCBuildConfiguration;
			buildSettings = {
				GCC_PRECOMPILE_PREFIX_HEADER = YES;
				GCC_PREFIX_HEADER = "UIPasteboardSniffer-iOS/UIPasteboardSniffer-iOS-Prefix.pch";
				INFOPLIST_FILE = "UIPasteboardSniffer-iOS/UIPasteboardSniffer-iOS-Info.plist";
				PRODUCT_NAME = "$(TARGET_NAME)";
				WRAPPER_EXTENSION = app;
			};
			name = Release;
		};
		068CB19515863027006DA260 /* Debug */ = {
			isa = XCBuildConfiguration;
			buildSettings = {
				BUNDLE_LOADER = "$(BUILT_PRODUCTS_DIR)/UIPasteboardSniffer-iOS.app/UIPasteboardSniffer-iOS";
				FRAMEWORK_SEARCH_PATHS = (
					"$(SDKROOT)/Developer/Library/Frameworks",
					"$(DEVELOPER_LIBRARY_DIR)/Frameworks",
				);
				GCC_PRECOMPILE_PREFIX_HEADER = YES;
				GCC_PREFIX_HEADER = "UIPasteboardSniffer-iOS/UIPasteboardSniffer-iOS-Prefix.pch";
				INFOPLIST_FILE = "UIPasteboardSniffer-iOSTests/UIPasteboardSniffer-iOSTests-Info.plist";
				PRODUCT_NAME = "$(TARGET_NAME)";
				TEST_HOST = "$(BUNDLE_LOADER)";
				WRAPPER_EXTENSION = octest;
			};
			name = Debug;
		};
		068CB19615863027006DA260 /* Release */ = {
			isa = XCBuildConfiguration;
			buildSettings = {
				BUNDLE_LOADER = "$(BUILT_PRODUCTS_DIR)/UIPasteboardSniffer-iOS.app/UIPasteboardSniffer-iOS";
				FRAMEWORK_SEARCH_PATHS = (
					"$(SDKROOT)/Developer/Library/Frameworks",
					"$(DEVELOPER_LIBRARY_DIR)/Frameworks",
				);
				GCC_PRECOMPILE_PREFIX_HEADER = YES;
				GCC_PREFIX_HEADER = "UIPasteboardSniffer-iOS/UIPasteboardSniffer-iOS-Prefix.pch";
				INFOPLIST_FILE = "UIPasteboardSniffer-iOSTests/UIPasteboardSniffer-iOSTests-Info.plist";
				PRODUCT_NAME = "$(TARGET_NAME)";
				TEST_HOST = "$(BUNDLE_LOADER)";
				WRAPPER_EXTENSION = octest;
			};
			name = Release;
		};
/* End XCBuildConfiguration section */

/* Begin XCConfigurationList section */
		068CB15515863024006DA260 /* Build configuration list for PBXProject "UIPasteboardSniffer-iOS" */ = {
			isa = XCConfigurationList;
			buildConfigurations = (
				068CB18F15863027006DA260 /* Debug */,
				068CB19015863027006DA260 /* Release */,
			);
			defaultConfigurationIsVisible = 0;
			defaultConfigurationName = Release;
		};
		068CB19115863027006DA260 /* Build configuration list for PBXNativeTarget "UIPasteboardSniffer-iOS" */ = {
			isa = XCConfigurationList;
			buildConfigurations = (
				068CB19215863027006DA260 /* Debug */,
				068CB19315863027006DA260 /* Release */,
			);
			defaultConfigurationIsVisible = 0;
		};
		068CB19415863027006DA260 /* Build configuration list for PBXNativeTarget "UIPasteboardSniffer-iOSTests" */ = {
			isa = XCConfigurationList;
			buildConfigurations = (
				068CB19515863027006DA260 /* Debug */,
				068CB19615863027006DA260 /* Release */,
			);
			defaultConfigurationIsVisible = 0;
		};
/* End XCConfigurationList section */
	};
	rootObject = 068CB15215863024006DA260 /* Project object */;
}
